
Microsoft Visual Studio Solution File, Format Version 12.00
Project("{FAE04EC0-301F-11D3-BF4B-00C04F79EFBC}") = "BeatSaberPlugin2", "BeatSaberPlugin2\BeatSaberPlugin2.csproj", "{E9335994-793A-47B0-A9F4-327D4F3A6299}"
EndProject
Global
	GlobalSection(SolutionConfigurationPlatforms) = preSolution
		Debug|Any CPU = Debug|Any CPU
		Release|Any CPU = Release|Any CPU
	EndGlobalSection
	GlobalSection(ProjectConfigurationPlatforms) = postSolution
		{E9335994-793A-47B0-A9F4-327D4F3A6299}.Debug|Any CPU.ActiveCfg = Debug|Any CPU
		{E9335994-793A-47B0-A9F4-327D4F3A6299}.Debug|Any CPU.Build.0 = Debug|Any CPU
		{E9335994-793A-47B0-A9F4-327D4F3A6299}.Release|Any CPU.ActiveCfg = Release|Any CPU
		{E9335994-793A-47B0-A9F4-327D4F3A6299}.Release|Any CPU.Build.0 = Release|Any CPU
	EndGlobalSection
EndGlobal
